// !$*UTF8*$!
{
	archiveVersion = 1;
	classes = {
	};
	objectVersion = 46;
	objects = {

/* Begin PBXBuildFile section */
		941289C91818AC53008C69E7 /* Module.m in Sources */ = {isa = PBXBuildFile; fileRef = 941289C81818AC53008C69E7 /* Module.m */; };
		941A7615181494D50072089F /* Foundation.framework in Frameworks */ = {isa = PBXBuildFile; fileRef = 941A7614181494D50072089F /* Foundation.framework */; };
		941A7617181494D50072089F /* CoreGraphics.framework in Frameworks */ = {isa = PBXBuildFile; fileRef = 941A7616181494D50072089F /* CoreGraphics.framework */; };
		941A7619181494D50072089F /* UIKit.framework in Frameworks */ = {isa = PBXBuildFile; fileRef = 941A7618181494D50072089F /* UIKit.framework */; };
		941A761F181494D50072089F /* InfoPlist.strings in Resources */ = {isa = PBXBuildFile; fileRef = 941A761D181494D50072089F /* InfoPlist.strings */; };
		941A7621181494D50072089F /* main.m in Sources */ = {isa = PBXBuildFile; fileRef = 941A7620181494D50072089F /* main.m */; };
		941A7625181494D50072089F /* RCAppDelegate.m in Sources */ = {isa = PBXBuildFile; fileRef = 941A7624181494D50072089F /* RCAppDelegate.m */; };
		941A7627181494D50072089F /* Images.xcassets in Resources */ = {isa = PBXBuildFile; fileRef = 941A7626181494D50072089F /* Images.xcassets */; };
		941A762E181494D50072089F /* XCTest.framework in Frameworks */ = {isa = PBXBuildFile; fileRef = 941A762D181494D50072089F /* XCTest.framework */; };
		941A762F181494D50072089F /* Foundation.framework in Frameworks */ = {isa = PBXBuildFile; fileRef = 941A7614181494D50072089F /* Foundation.framework */; };
		941A7630181494D50072089F /* UIKit.framework in Frameworks */ = {isa = PBXBuildFile; fileRef = 941A7618181494D50072089F /* UIKit.framework */; };
		941A7638181494D50072089F /* InfoPlist.strings in Resources */ = {isa = PBXBuildFile; fileRef = 941A7636181494D50072089F /* InfoPlist.strings */; };
		941A763A181494D50072089F /* TankCommanderTests.m in Sources */ = {isa = PBXBuildFile; fileRef = 941A7639181494D50072089F /* TankCommanderTests.m */; };
		941A764E1814B8E10072089F /* Tank.m in Sources */ = {isa = PBXBuildFile; fileRef = 941A764D1814B8E10072089F /* Tank.m */; };
		941A76511814C4D40072089F /* Hull.m in Sources */ = {isa = PBXBuildFile; fileRef = 941A76501814C4D40072089F /* Hull.m */; };
		941A76541814C4DB0072089F /* Turret.m in Sources */ = {isa = PBXBuildFile; fileRef = 941A76531814C4DB0072089F /* Turret.m */; };
		941A76571814C4F70072089F /* Gun.m in Sources */ = {isa = PBXBuildFile; fileRef = 941A76561814C4F70072089F /* Gun.m */; };
		941A765A1814C4FF0072089F /* Radio.m in Sources */ = {isa = PBXBuildFile; fileRef = 941A76591814C4FF0072089F /* Radio.m */; };
		941A765D1814C5100072089F /* Suspension.m in Sources */ = {isa = PBXBuildFile; fileRef = 941A765C1814C5100072089F /* Suspension.m */; };
		941A76601814C5940072089F /* Engine.m in Sources */ = {isa = PBXBuildFile; fileRef = 941A765F1814C5940072089F /* Engine.m */; };
		941A76631814EE260072089F /* Armor.m in Sources */ = {isa = PBXBuildFile; fileRef = 941A76621814EE260072089F /* Armor.m */; };
		941A76691815C4B40072089F /* Shell.m in Sources */ = {isa = PBXBuildFile; fileRef = 941A76681815C4B40072089F /* Shell.m */; };
		941A766C1815C7CB0072089F /* TankStore.m in Sources */ = {isa = PBXBuildFile; fileRef = 941A766B1815C7CB0072089F /* TankStore.m */; };
		944377031838054D00E1451C /* TiersViewController.m in Sources */ = {isa = PBXBuildFile; fileRef = 944377021838054D00E1451C /* TiersViewController.m */; };
		944377061838081600E1451C /* TypesViewController.m in Sources */ = {isa = PBXBuildFile; fileRef = 944377051838081600E1451C /* TypesViewController.m */; };
		94437709183812B600E1451C /* TierCell.m in Sources */ = {isa = PBXBuildFile; fileRef = 94437708183812B600E1451C /* TierCell.m */; };
		9443770B183812CA00E1451C /* TierCell.xib in Resources */ = {isa = PBXBuildFile; fileRef = 9443770A183812CA00E1451C /* TierCell.xib */; };
		9443770E1838168E00E1451C /* TypeCell.m in Sources */ = {isa = PBXBuildFile; fileRef = 9443770D1838168E00E1451C /* TypeCell.m */; };
		94437710183816A200E1451C /* TypeCell.xib in Resources */ = {isa = PBXBuildFile; fileRef = 9443770F183816A200E1451C /* TypeCell.xib */; };
		9443771218381A7400E1451C /* default.png in Resources */ = {isa = PBXBuildFile; fileRef = 9443771118381A7400E1451C /* default.png */; };
		944377151839526700E1451C /* GunView.m in Sources */ = {isa = PBXBuildFile; fileRef = 944377141839526700E1451C /* GunView.m */; };
		944377181839550D00E1451C /* RCFormatting.m in Sources */ = {isa = PBXBuildFile; fileRef = 944377171839550D00E1451C /* RCFormatting.m */; };
		9443771B1839635200E1451C /* TankHeaderView.m in Sources */ = {isa = PBXBuildFile; fileRef = 9443771A1839635200E1451C /* TankHeaderView.m */; };
		946FC741182D8DFF0016708A /* AverageTank.m in Sources */ = {isa = PBXBuildFile; fileRef = 946FC740182D8DFF0016708A /* AverageTank.m */; };
		946FC7441831AB580016708A /* TanksViewController.m in Sources */ = {isa = PBXBuildFile; fileRef = 946FC7431831AB580016708A /* TanksViewController.m */; };
		946FC7491831CB900016708A /* RCBaseCell.m in Sources */ = {isa = PBXBuildFile; fileRef = 946FC7481831CB900016708A /* RCBaseCell.m */; };
		946FC74C1831CC170016708A /* TankCell.m in Sources */ = {isa = PBXBuildFile; fileRef = 946FC74B1831CC170016708A /* TankCell.m */; };
		946FC74E1831CC5C0016708A /* TankCell.xib in Resources */ = {isa = PBXBuildFile; fileRef = 946FC74D1831CC5C0016708A /* TankCell.xib */; };
		946FC75418330C980016708A /* TankViewController.m in Sources */ = {isa = PBXBuildFile; fileRef = 946FC75218330C980016708A /* TankViewController.m */; };
		946FC75518330C980016708A /* TankViewController.xib in Resources */ = {isa = PBXBuildFile; fileRef = 946FC75318330C980016708A /* TankViewController.xib */; };
		946FC763183410C10016708A /* lightTank.png in Resources */ = {isa = PBXBuildFile; fileRef = 946FC762183410C10016708A /* lightTank.png */; };
		946FC768183415560016708A /* tankDestroyer.png in Resources */ = {isa = PBXBuildFile; fileRef = 946FC764183415560016708A /* tankDestroyer.png */; };
		946FC769183415560016708A /* heavyTank.png in Resources */ = {isa = PBXBuildFile; fileRef = 946FC765183415560016708A /* heavyTank.png */; };
		946FC76A183415560016708A /* mediumTank.png in Resources */ = {isa = PBXBuildFile; fileRef = 946FC766183415560016708A /* mediumTank.png */; };
		946FC76B183415560016708A /* spg.png in Resources */ = {isa = PBXBuildFile; fileRef = 946FC767183415560016708A /* spg.png */; };
		948C359F1816F1C500708761 /* Tier.m in Sources */ = {isa = PBXBuildFile; fileRef = 948C359E1816F1C500708761 /* Tier.m */; };
		94B87C3718BD9A0200D6E395 /* tier1.json in Resources */ = {isa = PBXBuildFile; fileRef = 94B87C2D18BD9A0200D6E395 /* tier1.json */; };
		94B87C3818BD9A0200D6E395 /* tier2.json in Resources */ = {isa = PBXBuildFile; fileRef = 94B87C2E18BD9A0200D6E395 /* tier2.json */; };
		94B87C3918BD9A0200D6E395 /* tier3.json in Resources */ = {isa = PBXBuildFile; fileRef = 94B87C2F18BD9A0200D6E395 /* tier3.json */; };
		94B87C3A18BD9A0200D6E395 /* tier4.json in Resources */ = {isa = PBXBuildFile; fileRef = 94B87C3018BD9A0200D6E395 /* tier4.json */; };
		94B87C3B18BD9A0200D6E395 /* tier5.json in Resources */ = {isa = PBXBuildFile; fileRef = 94B87C3118BD9A0200D6E395 /* tier5.json */; };
		94B87C3C18BD9A0200D6E395 /* tier6.json in Resources */ = {isa = PBXBuildFile; fileRef = 94B87C3218BD9A0200D6E395 /* tier6.json */; };
		94B87C3D18BD9A0200D6E395 /* tier7.json in Resources */ = {isa = PBXBuildFile; fileRef = 94B87C3318BD9A0200D6E395 /* tier7.json */; };
		94B87C3E18BD9A0200D6E395 /* tier8.json in Resources */ = {isa = PBXBuildFile; fileRef = 94B87C3418BD9A0200D6E395 /* tier8.json */; };
		94B87C3F18BD9A0200D6E395 /* tier9.json in Resources */ = {isa = PBXBuildFile; fileRef = 94B87C3518BD9A0200D6E395 /* tier9.json */; };
		94B87C4018BD9A0200D6E395 /* tier10.json in Resources */ = {isa = PBXBuildFile; fileRef = 94B87C3618BD9A0200D6E395 /* tier10.json */; };
		94C8C770183969A600B23D8A /* TankSubheaderView.m in Sources */ = {isa = PBXBuildFile; fileRef = 94C8C76F183969A600B23D8A /* TankSubheaderView.m */; };
		94C8C7731839739A00B23D8A /* HullView.m in Sources */ = {isa = PBXBuildFile; fileRef = 94C8C7721839739A00B23D8A /* HullView.m */; };
		94C8C7761839CF4F00B23D8A /* EngineView.m in Sources */ = {isa = PBXBuildFile; fileRef = 94C8C7751839CF4F00B23D8A /* EngineView.m */; };
		94C8C7791839CF6B00B23D8A /* TurretView.m in Sources */ = {isa = PBXBuildFile; fileRef = 94C8C7781839CF6B00B23D8A /* TurretView.m */; };
		94C8C77C1839DF9C00B23D8A /* RadioView.m in Sources */ = {isa = PBXBuildFile; fileRef = 94C8C77B1839DF9C00B23D8A /* RadioView.m */; };
		94C8C77F1839E66800B23D8A /* SuspensionView.m in Sources */ = {isa = PBXBuildFile; fileRef = 94C8C77E1839E66800B23D8A /* SuspensionView.m */; };
		94C8C782183AA90D00B23D8A /* SelectorView.m in Sources */ = {isa = PBXBuildFile; fileRef = 94C8C781183AA90D00B23D8A /* SelectorView.m */; };
		94C8C785183AEBBC00B23D8A /* ModulesViewController.m in Sources */ = {isa = PBXBuildFile; fileRef = 94C8C784183AEBBC00B23D8A /* ModulesViewController.m */; };
		94C8C788183AEBDA00B23D8A /* ModuleCell.m in Sources */ = {isa = PBXBuildFile; fileRef = 94C8C787183AEBDA00B23D8A /* ModuleCell.m */; };
		94C8C78A183AEC1000B23D8A /* ModuleCell.xib in Resources */ = {isa = PBXBuildFile; fileRef = 94C8C789183AEC1000B23D8A /* ModuleCell.xib */; };
		94D4729D181CEE5000B11466 /* TankGroup.m in Sources */ = {isa = PBXBuildFile; fileRef = 94D4729C181CEE5000B11466 /* TankGroup.m */; };
/* End PBXBuildFile section */

/* Begin PBXContainerItemProxy section */
		941A7631181494D50072089F /* PBXContainerItemProxy */ = {
			isa = PBXContainerItemProxy;
			containerPortal = 941A7609181494D50072089F /* Project object */;
			proxyType = 1;
			remoteGlobalIDString = 941A7610181494D50072089F;
			remoteInfo = TankCommander;
		};
/* End PBXContainerItemProxy section */

/* Begin PBXFileReference section */
		941289C71818AC53008C69E7 /* Module.h */ = {isa = PBXFileReference; fileEncoding = 4; lastKnownFileType = sourcecode.c.h; path = Module.h; sourceTree = "<group>"; };
		941289C81818AC53008C69E7 /* Module.m */ = {isa = PBXFileReference; fileEncoding = 4; lastKnownFileType = sourcecode.c.objc; path = Module.m; sourceTree = "<group>"; };
		941A7611181494D50072089F /* TankCommander.app */ = {isa = PBXFileReference; explicitFileType = wrapper.application; includeInIndex = 0; path = TankCommander.app; sourceTree = BUILT_PRODUCTS_DIR; };
		941A7614181494D50072089F /* Foundation.framework */ = {isa = PBXFileReference; lastKnownFileType = wrapper.framework; name = Foundation.framework; path = System/Library/Frameworks/Foundation.framework; sourceTree = SDKROOT; };
		941A7616181494D50072089F /* CoreGraphics.framework */ = {isa = PBXFileReference; lastKnownFileType = wrapper.framework; name = CoreGraphics.framework; path = System/Library/Frameworks/CoreGraphics.framework; sourceTree = SDKROOT; };
		941A7618181494D50072089F /* UIKit.framework */ = {isa = PBXFileReference; lastKnownFileType = wrapper.framework; name = UIKit.framework; path = System/Library/Frameworks/UIKit.framework; sourceTree = SDKROOT; };
		941A761C181494D50072089F /* TankCommander-Info.plist */ = {isa = PBXFileReference; lastKnownFileType = text.plist.xml; path = "TankCommander-Info.plist"; sourceTree = "<group>"; };
		941A761E181494D50072089F /* en */ = {isa = PBXFileReference; lastKnownFileType = text.plist.strings; name = en; path = en.lproj/InfoPlist.strings; sourceTree = "<group>"; };
		941A7620181494D50072089F /* main.m */ = {isa = PBXFileReference; lastKnownFileType = sourcecode.c.objc; path = main.m; sourceTree = "<group>"; };
		941A7622181494D50072089F /* TankCommander-Prefix.pch */ = {isa = PBXFileReference; lastKnownFileType = sourcecode.c.h; path = "TankCommander-Prefix.pch"; sourceTree = "<group>"; };
		941A7623181494D50072089F /* RCAppDelegate.h */ = {isa = PBXFileReference; lastKnownFileType = sourcecode.c.h; path = RCAppDelegate.h; sourceTree = "<group>"; };
		941A7624181494D50072089F /* RCAppDelegate.m */ = {isa = PBXFileReference; lastKnownFileType = sourcecode.c.objc; path = RCAppDelegate.m; sourceTree = "<group>"; };
		941A7626181494D50072089F /* Images.xcassets */ = {isa = PBXFileReference; lastKnownFileType = folder.assetcatalog; path = Images.xcassets; sourceTree = "<group>"; };
		941A762C181494D50072089F /* TankCommanderTests.xctest */ = {isa = PBXFileReference; explicitFileType = wrapper.cfbundle; includeInIndex = 0; path = TankCommanderTests.xctest; sourceTree = BUILT_PRODUCTS_DIR; };
		941A762D181494D50072089F /* XCTest.framework */ = {isa = PBXFileReference; lastKnownFileType = wrapper.framework; name = XCTest.framework; path = Library/Frameworks/XCTest.framework; sourceTree = DEVELOPER_DIR; };
		941A7635181494D50072089F /* TankCommanderTests-Info.plist */ = {isa = PBXFileReference; lastKnownFileType = text.plist.xml; path = "TankCommanderTests-Info.plist"; sourceTree = "<group>"; };
		941A7637181494D50072089F /* en */ = {isa = PBXFileReference; lastKnownFileType = text.plist.strings; name = en; path = en.lproj/InfoPlist.strings; sourceTree = "<group>"; };
		941A7639181494D50072089F /* TankCommanderTests.m */ = {isa = PBXFileReference; lastKnownFileType = sourcecode.c.objc; path = TankCommanderTests.m; sourceTree = "<group>"; };
		941A764C1814B8E10072089F /* Tank.h */ = {isa = PBXFileReference; fileEncoding = 4; lastKnownFileType = sourcecode.c.h; path = Tank.h; sourceTree = "<group>"; };
		941A764D1814B8E10072089F /* Tank.m */ = {isa = PBXFileReference; fileEncoding = 4; lastKnownFileType = sourcecode.c.objc; path = Tank.m; sourceTree = "<group>"; };
		941A764F1814C4D40072089F /* Hull.h */ = {isa = PBXFileReference; fileEncoding = 4; lastKnownFileType = sourcecode.c.h; path = Hull.h; sourceTree = "<group>"; };
		941A76501814C4D40072089F /* Hull.m */ = {isa = PBXFileReference; fileEncoding = 4; lastKnownFileType = sourcecode.c.objc; path = Hull.m; sourceTree = "<group>"; };
		941A76521814C4DB0072089F /* Turret.h */ = {isa = PBXFileReference; fileEncoding = 4; lastKnownFileType = sourcecode.c.h; path = Turret.h; sourceTree = "<group>"; };
		941A76531814C4DB0072089F /* Turret.m */ = {isa = PBXFileReference; fileEncoding = 4; lastKnownFileType = sourcecode.c.objc; path = Turret.m; sourceTree = "<group>"; };
		941A76551814C4F70072089F /* Gun.h */ = {isa = PBXFileReference; fileEncoding = 4; lastKnownFileType = sourcecode.c.h; path = Gun.h; sourceTree = "<group>"; };
		941A76561814C4F70072089F /* Gun.m */ = {isa = PBXFileReference; fileEncoding = 4; lastKnownFileType = sourcecode.c.objc; path = Gun.m; sourceTree = "<group>"; };
		941A76581814C4FF0072089F /* Radio.h */ = {isa = PBXFileReference; fileEncoding = 4; lastKnownFileType = sourcecode.c.h; path = Radio.h; sourceTree = "<group>"; };
		941A76591814C4FF0072089F /* Radio.m */ = {isa = PBXFileReference; fileEncoding = 4; lastKnownFileType = sourcecode.c.objc; path = Radio.m; sourceTree = "<group>"; };
		941A765B1814C5100072089F /* Suspension.h */ = {isa = PBXFileReference; fileEncoding = 4; lastKnownFileType = sourcecode.c.h; path = Suspension.h; sourceTree = "<group>"; };
		941A765C1814C5100072089F /* Suspension.m */ = {isa = PBXFileReference; fileEncoding = 4; lastKnownFileType = sourcecode.c.objc; path = Suspension.m; sourceTree = "<group>"; };
		941A765E1814C5940072089F /* Engine.h */ = {isa = PBXFileReference; fileEncoding = 4; lastKnownFileType = sourcecode.c.h; path = Engine.h; sourceTree = "<group>"; };
		941A765F1814C5940072089F /* Engine.m */ = {isa = PBXFileReference; fileEncoding = 4; lastKnownFileType = sourcecode.c.objc; path = Engine.m; sourceTree = "<group>"; };
		941A76611814EE260072089F /* Armor.h */ = {isa = PBXFileReference; fileEncoding = 4; lastKnownFileType = sourcecode.c.h; path = Armor.h; sourceTree = "<group>"; };
		941A76621814EE260072089F /* Armor.m */ = {isa = PBXFileReference; fileEncoding = 4; lastKnownFileType = sourcecode.c.objc; path = Armor.m; sourceTree = "<group>"; };
		941A76671815C4B40072089F /* Shell.h */ = {isa = PBXFileReference; fileEncoding = 4; lastKnownFileType = sourcecode.c.h; path = Shell.h; sourceTree = "<group>"; };
		941A76681815C4B40072089F /* Shell.m */ = {isa = PBXFileReference; fileEncoding = 4; lastKnownFileType = sourcecode.c.objc; path = Shell.m; sourceTree = "<group>"; };
		941A766A1815C7CB0072089F /* TankStore.h */ = {isa = PBXFileReference; fileEncoding = 4; lastKnownFileType = sourcecode.c.h; path = TankStore.h; sourceTree = "<group>"; };
		941A766B1815C7CB0072089F /* TankStore.m */ = {isa = PBXFileReference; fileEncoding = 4; lastKnownFileType = sourcecode.c.objc; path = TankStore.m; sourceTree = "<group>"; };
		944377011838054D00E1451C /* TiersViewController.h */ = {isa = PBXFileReference; fileEncoding = 4; lastKnownFileType = sourcecode.c.h; path = TiersViewController.h; sourceTree = "<group>"; };
		944377021838054D00E1451C /* TiersViewController.m */ = {isa = PBXFileReference; fileEncoding = 4; lastKnownFileType = sourcecode.c.objc; path = TiersViewController.m; sourceTree = "<group>"; };
		944377041838081600E1451C /* TypesViewController.h */ = {isa = PBXFileReference; fileEncoding = 4; lastKnownFileType = sourcecode.c.h; path = TypesViewController.h; sourceTree = "<group>"; };
		944377051838081600E1451C /* TypesViewController.m */ = {isa = PBXFileReference; fileEncoding = 4; lastKnownFileType = sourcecode.c.objc; path = TypesViewController.m; sourceTree = "<group>"; };
		94437707183812B600E1451C /* TierCell.h */ = {isa = PBXFileReference; fileEncoding = 4; lastKnownFileType = sourcecode.c.h; path = TierCell.h; sourceTree = "<group>"; };
		94437708183812B600E1451C /* TierCell.m */ = {isa = PBXFileReference; fileEncoding = 4; lastKnownFileType = sourcecode.c.objc; path = TierCell.m; sourceTree = "<group>"; };
		9443770A183812CA00E1451C /* TierCell.xib */ = {isa = PBXFileReference; fileEncoding = 4; lastKnownFileType = file.xib; path = TierCell.xib; sourceTree = "<group>"; };
		9443770C1838168E00E1451C /* TypeCell.h */ = {isa = PBXFileReference; fileEncoding = 4; lastKnownFileType = sourcecode.c.h; path = TypeCell.h; sourceTree = "<group>"; };
		9443770D1838168E00E1451C /* TypeCell.m */ = {isa = PBXFileReference; fileEncoding = 4; lastKnownFileType = sourcecode.c.objc; path = TypeCell.m; sourceTree = "<group>"; };
		9443770F183816A200E1451C /* TypeCell.xib */ = {isa = PBXFileReference; fileEncoding = 4; lastKnownFileType = file.xib; path = TypeCell.xib; sourceTree = "<group>"; };
		9443771118381A7400E1451C /* default.png */ = {isa = PBXFileReference; lastKnownFileType = image.png; path = default.png; sourceTree = "<group>"; };
		944377131839526700E1451C /* GunView.h */ = {isa = PBXFileReference; fileEncoding = 4; lastKnownFileType = sourcecode.c.h; path = GunView.h; sourceTree = "<group>"; };
		944377141839526700E1451C /* GunView.m */ = {isa = PBXFileReference; fileEncoding = 4; lastKnownFileType = sourcecode.c.objc; path = GunView.m; sourceTree = "<group>"; };
		944377161839550D00E1451C /* RCFormatting.h */ = {isa = PBXFileReference; fileEncoding = 4; lastKnownFileType = sourcecode.c.h; path = RCFormatting.h; sourceTree = "<group>"; };
		944377171839550D00E1451C /* RCFormatting.m */ = {isa = PBXFileReference; fileEncoding = 4; lastKnownFileType = sourcecode.c.objc; path = RCFormatting.m; sourceTree = "<group>"; };
		944377191839635200E1451C /* TankHeaderView.h */ = {isa = PBXFileReference; fileEncoding = 4; lastKnownFileType = sourcecode.c.h; path = TankHeaderView.h; sourceTree = "<group>"; };
		9443771A1839635200E1451C /* TankHeaderView.m */ = {isa = PBXFileReference; fileEncoding = 4; lastKnownFileType = sourcecode.c.objc; path = TankHeaderView.m; sourceTree = "<group>"; };
		946FC73F182D8DFF0016708A /* AverageTank.h */ = {isa = PBXFileReference; fileEncoding = 4; lastKnownFileType = sourcecode.c.h; path = AverageTank.h; sourceTree = "<group>"; };
		946FC740182D8DFF0016708A /* AverageTank.m */ = {isa = PBXFileReference; fileEncoding = 4; lastKnownFileType = sourcecode.c.objc; path = AverageTank.m; sourceTree = "<group>"; };
		946FC7421831AB570016708A /* TanksViewController.h */ = {isa = PBXFileReference; fileEncoding = 4; lastKnownFileType = sourcecode.c.h; path = TanksViewController.h; sourceTree = "<group>"; };
		946FC7431831AB580016708A /* TanksViewController.m */ = {isa = PBXFileReference; fileEncoding = 4; lastKnownFileType = sourcecode.c.objc; path = TanksViewController.m; sourceTree = "<group>"; };
		946FC7471831CB900016708A /* RCBaseCell.h */ = {isa = PBXFileReference; fileEncoding = 4; lastKnownFileType = sourcecode.c.h; path = RCBaseCell.h; sourceTree = "<group>"; };
		946FC7481831CB900016708A /* RCBaseCell.m */ = {isa = PBXFileReference; fileEncoding = 4; lastKnownFileType = sourcecode.c.objc; path = RCBaseCell.m; sourceTree = "<group>"; };
		946FC74A1831CC170016708A /* TankCell.h */ = {isa = PBXFileReference; fileEncoding = 4; lastKnownFileType = sourcecode.c.h; path = TankCell.h; sourceTree = "<group>"; };
		946FC74B1831CC170016708A /* TankCell.m */ = {isa = PBXFileReference; fileEncoding = 4; lastKnownFileType = sourcecode.c.objc; path = TankCell.m; sourceTree = "<group>"; };
		946FC74D1831CC5C0016708A /* TankCell.xib */ = {isa = PBXFileReference; fileEncoding = 4; lastKnownFileType = file.xib; path = TankCell.xib; sourceTree = "<group>"; };
		946FC75118330C980016708A /* TankViewController.h */ = {isa = PBXFileReference; fileEncoding = 4; lastKnownFileType = sourcecode.c.h; path = TankViewController.h; sourceTree = "<group>"; };
		946FC75218330C980016708A /* TankViewController.m */ = {isa = PBXFileReference; fileEncoding = 4; lastKnownFileType = sourcecode.c.objc; path = TankViewController.m; sourceTree = "<group>"; };
		946FC75318330C980016708A /* TankViewController.xib */ = {isa = PBXFileReference; fileEncoding = 4; lastKnownFileType = file.xib; path = TankViewController.xib; sourceTree = "<group>"; };
		946FC762183410C10016708A /* lightTank.png */ = {isa = PBXFileReference; lastKnownFileType = image.png; path = lightTank.png; sourceTree = "<group>"; };
		946FC764183415560016708A /* tankDestroyer.png */ = {isa = PBXFileReference; lastKnownFileType = image.png; path = tankDestroyer.png; sourceTree = "<group>"; };
		946FC765183415560016708A /* heavyTank.png */ = {isa = PBXFileReference; lastKnownFileType = image.png; path = heavyTank.png; sourceTree = "<group>"; };
		946FC766183415560016708A /* mediumTank.png */ = {isa = PBXFileReference; lastKnownFileType = image.png; path = mediumTank.png; sourceTree = "<group>"; };
		946FC767183415560016708A /* spg.png */ = {isa = PBXFileReference; lastKnownFileType = image.png; path = spg.png; sourceTree = "<group>"; };
		948C359D1816F1C500708761 /* Tier.h */ = {isa = PBXFileReference; fileEncoding = 4; lastKnownFileType = sourcecode.c.h; path = Tier.h; sourceTree = "<group>"; };
		948C359E1816F1C500708761 /* Tier.m */ = {isa = PBXFileReference; fileEncoding = 4; lastKnownFileType = sourcecode.c.objc; path = Tier.m; sourceTree = "<group>"; };
		94B87C2D18BD9A0200D6E395 /* tier1.json */ = {isa = PBXFileReference; fileEncoding = 4; lastKnownFileType = text.json; name = tier1.json; path = ../../../../../Copy/code/ruby/wot_data/tier_files/tier1.json; sourceTree = "<group>"; };
		94B87C2E18BD9A0200D6E395 /* tier2.json */ = {isa = PBXFileReference; fileEncoding = 4; lastKnownFileType = text.json; name = tier2.json; path = ../../../../../Copy/code/ruby/wot_data/tier_files/tier2.json; sourceTree = "<group>"; };
		94B87C2F18BD9A0200D6E395 /* tier3.json */ = {isa = PBXFileReference; fileEncoding = 4; lastKnownFileType = text.json; name = tier3.json; path = ../../../../../Copy/code/ruby/wot_data/tier_files/tier3.json; sourceTree = "<group>"; };
		94B87C3018BD9A0200D6E395 /* tier4.json */ = {isa = PBXFileReference; fileEncoding = 4; lastKnownFileType = text.json; name = tier4.json; path = ../../../../../Copy/code/ruby/wot_data/tier_files/tier4.json; sourceTree = "<group>"; };
		94B87C3118BD9A0200D6E395 /* tier5.json */ = {isa = PBXFileReference; fileEncoding = 4; lastKnownFileType = text.json; name = tier5.json; path = ../../../../../Copy/code/ruby/wot_data/tier_files/tier5.json; sourceTree = "<group>"; };
		94B87C3218BD9A0200D6E395 /* tier6.json */ = {isa = PBXFileReference; fileEncoding = 4; lastKnownFileType = text.json; name = tier6.json; path = ../../../../../Copy/code/ruby/wot_data/tier_files/tier6.json; sourceTree = "<group>"; };
		94B87C3318BD9A0200D6E395 /* tier7.json */ = {isa = PBXFileReference; fileEncoding = 4; lastKnownFileType = text.json; name = tier7.json; path = ../../../../../Copy/code/ruby/wot_data/tier_files/tier7.json; sourceTree = "<group>"; };
		94B87C3418BD9A0200D6E395 /* tier8.json */ = {isa = PBXFileReference; fileEncoding = 4; lastKnownFileType = text.json; name = tier8.json; path = ../../../../../Copy/code/ruby/wot_data/tier_files/tier8.json; sourceTree = "<group>"; };
		94B87C3518BD9A0200D6E395 /* tier9.json */ = {isa = PBXFileReference; fileEncoding = 4; lastKnownFileType = text.json; name = tier9.json; path = ../../../../../Copy/code/ruby/wot_data/tier_files/tier9.json; sourceTree = "<group>"; };
		94B87C3618BD9A0200D6E395 /* tier10.json */ = {isa = PBXFileReference; fileEncoding = 4; lastKnownFileType = text.json; name = tier10.json; path = ../../../../../Copy/code/ruby/wot_data/tier_files/tier10.json; sourceTree = "<group>"; };
		94C8C76E183969A600B23D8A /* TankSubheaderView.h */ = {isa = PBXFileReference; fileEncoding = 4; lastKnownFileType = sourcecode.c.h; path = TankSubheaderView.h; sourceTree = "<group>"; };
		94C8C76F183969A600B23D8A /* TankSubheaderView.m */ = {isa = PBXFileReference; fileEncoding = 4; lastKnownFileType = sourcecode.c.objc; path = TankSubheaderView.m; sourceTree = "<group>"; };
		94C8C7711839739A00B23D8A /* HullView.h */ = {isa = PBXFileReference; fileEncoding = 4; lastKnownFileType = sourcecode.c.h; path = HullView.h; sourceTree = "<group>"; };
		94C8C7721839739A00B23D8A /* HullView.m */ = {isa = PBXFileReference; fileEncoding = 4; lastKnownFileType = sourcecode.c.objc; path = HullView.m; sourceTree = "<group>"; };
		94C8C7741839CF4F00B23D8A /* EngineView.h */ = {isa = PBXFileReference; fileEncoding = 4; lastKnownFileType = sourcecode.c.h; path = EngineView.h; sourceTree = "<group>"; };
		94C8C7751839CF4F00B23D8A /* EngineView.m */ = {isa = PBXFileReference; fileEncoding = 4; lastKnownFileType = sourcecode.c.objc; path = EngineView.m; sourceTree = "<group>"; };
		94C8C7771839CF6B00B23D8A /* TurretView.h */ = {isa = PBXFileReference; fileEncoding = 4; lastKnownFileType = sourcecode.c.h; path = TurretView.h; sourceTree = "<group>"; };
		94C8C7781839CF6B00B23D8A /* TurretView.m */ = {isa = PBXFileReference; fileEncoding = 4; lastKnownFileType = sourcecode.c.objc; path = TurretView.m; sourceTree = "<group>"; };
		94C8C77A1839DF9C00B23D8A /* RadioView.h */ = {isa = PBXFileReference; fileEncoding = 4; lastKnownFileType = sourcecode.c.h; path = RadioView.h; sourceTree = "<group>"; };
		94C8C77B1839DF9C00B23D8A /* RadioView.m */ = {isa = PBXFileReference; fileEncoding = 4; lastKnownFileType = sourcecode.c.objc; path = RadioView.m; sourceTree = "<group>"; };
		94C8C77D1839E66800B23D8A /* SuspensionView.h */ = {isa = PBXFileReference; fileEncoding = 4; lastKnownFileType = sourcecode.c.h; path = SuspensionView.h; sourceTree = "<group>"; };
		94C8C77E1839E66800B23D8A /* SuspensionView.m */ = {isa = PBXFileReference; fileEncoding = 4; lastKnownFileType = sourcecode.c.objc; path = SuspensionView.m; sourceTree = "<group>"; };
		94C8C780183AA90D00B23D8A /* SelectorView.h */ = {isa = PBXFileReference; fileEncoding = 4; lastKnownFileType = sourcecode.c.h; path = SelectorView.h; sourceTree = "<group>"; };
		94C8C781183AA90D00B23D8A /* SelectorView.m */ = {isa = PBXFileReference; fileEncoding = 4; lastKnownFileType = sourcecode.c.objc; path = SelectorView.m; sourceTree = "<group>"; };
		94C8C783183AEBBC00B23D8A /* ModulesViewController.h */ = {isa = PBXFileReference; fileEncoding = 4; lastKnownFileType = sourcecode.c.h; path = ModulesViewController.h; sourceTree = "<group>"; };
		94C8C784183AEBBC00B23D8A /* ModulesViewController.m */ = {isa = PBXFileReference; fileEncoding = 4; lastKnownFileType = sourcecode.c.objc; path = ModulesViewController.m; sourceTree = "<group>"; };
		94C8C786183AEBDA00B23D8A /* ModuleCell.h */ = {isa = PBXFileReference; fileEncoding = 4; lastKnownFileType = sourcecode.c.h; path = ModuleCell.h; sourceTree = "<group>"; };
		94C8C787183AEBDA00B23D8A /* ModuleCell.m */ = {isa = PBXFileReference; fileEncoding = 4; lastKnownFileType = sourcecode.c.objc; path = ModuleCell.m; sourceTree = "<group>"; };
		94C8C789183AEC1000B23D8A /* ModuleCell.xib */ = {isa = PBXFileReference; fileEncoding = 4; lastKnownFileType = file.xib; path = ModuleCell.xib; sourceTree = "<group>"; };
		94D4729B181CEE5000B11466 /* TankGroup.h */ = {isa = PBXFileReference; fileEncoding = 4; lastKnownFileType = sourcecode.c.h; path = TankGroup.h; sourceTree = "<group>"; };
		94D4729C181CEE5000B11466 /* TankGroup.m */ = {isa = PBXFileReference; fileEncoding = 4; lastKnownFileType = sourcecode.c.objc; path = TankGroup.m; sourceTree = "<group>"; };
/* End PBXFileReference section */

/* Begin PBXFrameworksBuildPhase section */
		941A760E181494D50072089F /* Frameworks */ = {
			isa = PBXFrameworksBuildPhase;
			buildActionMask = 2147483647;
			files = (
				941A7617181494D50072089F /* CoreGraphics.framework in Frameworks */,
				941A7619181494D50072089F /* UIKit.framework in Frameworks */,
				941A7615181494D50072089F /* Foundation.framework in Frameworks */,
			);
			runOnlyForDeploymentPostprocessing = 0;
		};
		941A7629181494D50072089F /* Frameworks */ = {
			isa = PBXFrameworksBuildPhase;
			buildActionMask = 2147483647;
			files = (
				941A762E181494D50072089F /* XCTest.framework in Frameworks */,
				941A7630181494D50072089F /* UIKit.framework in Frameworks */,
				941A762F181494D50072089F /* Foundation.framework in Frameworks */,
			);
			runOnlyForDeploymentPostprocessing = 0;
		};
/* End PBXFrameworksBuildPhase section */

/* Begin PBXGroup section */
		941A7608181494D50072089F = {
			isa = PBXGroup;
			children = (
				941A761A181494D50072089F /* TankCommander */,
				941A7633181494D50072089F /* TankCommanderTests */,
				941A7613181494D50072089F /* Frameworks */,
				941A7612181494D50072089F /* Products */,
			);
			sourceTree = "<group>";
		};
		941A7612181494D50072089F /* Products */ = {
			isa = PBXGroup;
			children = (
				941A7611181494D50072089F /* TankCommander.app */,
				941A762C181494D50072089F /* TankCommanderTests.xctest */,
			);
			name = Products;
			sourceTree = "<group>";
		};
		941A7613181494D50072089F /* Frameworks */ = {
			isa = PBXGroup;
			children = (
				941A7614181494D50072089F /* Foundation.framework */,
				941A7616181494D50072089F /* CoreGraphics.framework */,
				941A7618181494D50072089F /* UIKit.framework */,
				941A762D181494D50072089F /* XCTest.framework */,
			);
			name = Frameworks;
			sourceTree = "<group>";
		};
		941A761A181494D50072089F /* TankCommander */ = {
			isa = PBXGroup;
			children = (
				941A7623181494D50072089F /* RCAppDelegate.h */,
				941A7624181494D50072089F /* RCAppDelegate.m */,
				946FC7461831ABCA0016708A /* Views and Controllers */,
				946FC7451831AB9E0016708A /* Models */,
				947B490018B43A5900718680 /* Data */,
				941A7626181494D50072089F /* Images.xcassets */,
				946FC762183410C10016708A /* lightTank.png */,
				946FC766183415560016708A /* mediumTank.png */,
				946FC765183415560016708A /* heavyTank.png */,
				946FC764183415560016708A /* tankDestroyer.png */,
				946FC767183415560016708A /* spg.png */,
				9443771118381A7400E1451C /* default.png */,
				941A761B181494D50072089F /* Supporting Files */,
			);
			path = TankCommander;
			sourceTree = "<group>";
		};
		941A761B181494D50072089F /* Supporting Files */ = {
			isa = PBXGroup;
			children = (
				941A761C181494D50072089F /* TankCommander-Info.plist */,
				941A761D181494D50072089F /* InfoPlist.strings */,
				941A7620181494D50072089F /* main.m */,
				941A7622181494D50072089F /* TankCommander-Prefix.pch */,
			);
			name = "Supporting Files";
			sourceTree = "<group>";
		};
		941A7633181494D50072089F /* TankCommanderTests */ = {
			isa = PBXGroup;
			children = (
				941A7639181494D50072089F /* TankCommanderTests.m */,
				941A7634181494D50072089F /* Supporting Files */,
			);
			path = TankCommanderTests;
			sourceTree = "<group>";
		};
		941A7634181494D50072089F /* Supporting Files */ = {
			isa = PBXGroup;
			children = (
				941A7635181494D50072089F /* TankCommanderTests-Info.plist */,
				941A7636181494D50072089F /* InfoPlist.strings */,
			);
			name = "Supporting Files";
			sourceTree = "<group>";
		};
		946FC7451831AB9E0016708A /* Models */ = {
			isa = PBXGroup;
			children = (
				941A766A1815C7CB0072089F /* TankStore.h */,
				941A766B1815C7CB0072089F /* TankStore.m */,
				948C359D1816F1C500708761 /* Tier.h */,
				948C359E1816F1C500708761 /* Tier.m */,
				94D4729B181CEE5000B11466 /* TankGroup.h */,
				94D4729C181CEE5000B11466 /* TankGroup.m */,
				941A764C1814B8E10072089F /* Tank.h */,
				941A764D1814B8E10072089F /* Tank.m */,
				946FC73F182D8DFF0016708A /* AverageTank.h */,
				946FC740182D8DFF0016708A /* AverageTank.m */,
				941A764F1814C4D40072089F /* Hull.h */,
				941A76501814C4D40072089F /* Hull.m */,
				941289C71818AC53008C69E7 /* Module.h */,
				941289C81818AC53008C69E7 /* Module.m */,
				941A76521814C4DB0072089F /* Turret.h */,
				941A76531814C4DB0072089F /* Turret.m */,
				941A76551814C4F70072089F /* Gun.h */,
				941A76561814C4F70072089F /* Gun.m */,
				941A765E1814C5940072089F /* Engine.h */,
				941A765F1814C5940072089F /* Engine.m */,
				941A765B1814C5100072089F /* Suspension.h */,
				941A765C1814C5100072089F /* Suspension.m */,
				941A76581814C4FF0072089F /* Radio.h */,
				941A76591814C4FF0072089F /* Radio.m */,
				941A76611814EE260072089F /* Armor.h */,
				941A76621814EE260072089F /* Armor.m */,
				941A76671815C4B40072089F /* Shell.h */,
				941A76681815C4B40072089F /* Shell.m */,
			);
			name = Models;
			sourceTree = "<group>";
		};
		946FC7461831ABCA0016708A /* Views and Controllers */ = {
			isa = PBXGroup;
			children = (
				946FC75118330C980016708A /* TankViewController.h */,
				946FC75218330C980016708A /* TankViewController.m */,
				946FC7421831AB570016708A /* TanksViewController.h */,
				946FC7431831AB580016708A /* TanksViewController.m */,
				944377011838054D00E1451C /* TiersViewController.h */,
				944377021838054D00E1451C /* TiersViewController.m */,
				944377041838081600E1451C /* TypesViewController.h */,
				944377051838081600E1451C /* TypesViewController.m */,
				94C8C783183AEBBC00B23D8A /* ModulesViewController.h */,
				94C8C784183AEBBC00B23D8A /* ModulesViewController.m */,
				946FC7471831CB900016708A /* RCBaseCell.h */,
				946FC7481831CB900016708A /* RCBaseCell.m */,
				946FC74A1831CC170016708A /* TankCell.h */,
				946FC74B1831CC170016708A /* TankCell.m */,
				94437707183812B600E1451C /* TierCell.h */,
				94437708183812B600E1451C /* TierCell.m */,
				9443770C1838168E00E1451C /* TypeCell.h */,
				9443770D1838168E00E1451C /* TypeCell.m */,
				94C8C786183AEBDA00B23D8A /* ModuleCell.h */,
				94C8C787183AEBDA00B23D8A /* ModuleCell.m */,
				94C8C780183AA90D00B23D8A /* SelectorView.h */,
				94C8C781183AA90D00B23D8A /* SelectorView.m */,
				944377191839635200E1451C /* TankHeaderView.h */,
				9443771A1839635200E1451C /* TankHeaderView.m */,
				94C8C76E183969A600B23D8A /* TankSubheaderView.h */,
				94C8C76F183969A600B23D8A /* TankSubheaderView.m */,
				94C8C7711839739A00B23D8A /* HullView.h */,
				94C8C7721839739A00B23D8A /* HullView.m */,
				944377131839526700E1451C /* GunView.h */,
				944377141839526700E1451C /* GunView.m */,
				94C8C7771839CF6B00B23D8A /* TurretView.h */,
				94C8C7781839CF6B00B23D8A /* TurretView.m */,
				94C8C7741839CF4F00B23D8A /* EngineView.h */,
				94C8C7751839CF4F00B23D8A /* EngineView.m */,
				94C8C77A1839DF9C00B23D8A /* RadioView.h */,
				94C8C77B1839DF9C00B23D8A /* RadioView.m */,
				94C8C77D1839E66800B23D8A /* SuspensionView.h */,
				94C8C77E1839E66800B23D8A /* SuspensionView.m */,
				944377161839550D00E1451C /* RCFormatting.h */,
				944377171839550D00E1451C /* RCFormatting.m */,
				946FC7561833183F0016708A /* IB */,
			);
			name = "Views and Controllers";
			sourceTree = "<group>";
		};
		946FC7561833183F0016708A /* IB */ = {
			isa = PBXGroup;
			children = (
				946FC75318330C980016708A /* TankViewController.xib */,
				946FC74D1831CC5C0016708A /* TankCell.xib */,
				9443770A183812CA00E1451C /* TierCell.xib */,
				9443770F183816A200E1451C /* TypeCell.xib */,
				94C8C789183AEC1000B23D8A /* ModuleCell.xib */,
			);
			name = IB;
			sourceTree = "<group>";
		};
		947B490018B43A5900718680 /* Data */ = {
			isa = PBXGroup;
			children = (
				94B87C2D18BD9A0200D6E395 /* tier1.json */,
				94B87C2E18BD9A0200D6E395 /* tier2.json */,
				94B87C2F18BD9A0200D6E395 /* tier3.json */,
				94B87C3018BD9A0200D6E395 /* tier4.json */,
				94B87C3118BD9A0200D6E395 /* tier5.json */,
				94B87C3218BD9A0200D6E395 /* tier6.json */,
				94B87C3318BD9A0200D6E395 /* tier7.json */,
				94B87C3418BD9A0200D6E395 /* tier8.json */,
				94B87C3518BD9A0200D6E395 /* tier9.json */,
				94B87C3618BD9A0200D6E395 /* tier10.json */,
			);
			name = Data;
			sourceTree = "<group>";
		};
/* End PBXGroup section */

/* Begin PBXNativeTarget section */
		941A7610181494D50072089F /* TankCommander */ = {
			isa = PBXNativeTarget;
			buildConfigurationList = 941A763D181494D50072089F /* Build configuration list for PBXNativeTarget "TankCommander" */;
			buildPhases = (
				941A760D181494D50072089F /* Sources */,
				941A760E181494D50072089F /* Frameworks */,
				941A760F181494D50072089F /* Resources */,
			);
			buildRules = (
			);
			dependencies = (
			);
			name = TankCommander;
			productName = TankCommander;
			productReference = 941A7611181494D50072089F /* TankCommander.app */;
			productType = "com.apple.product-type.application";
		};
		941A762B181494D50072089F /* TankCommanderTests */ = {
			isa = PBXNativeTarget;
			buildConfigurationList = 941A7640181494D50072089F /* Build configuration list for PBXNativeTarget "TankCommanderTests" */;
			buildPhases = (
				941A7628181494D50072089F /* Sources */,
				941A7629181494D50072089F /* Frameworks */,
				941A762A181494D50072089F /* Resources */,
			);
			buildRules = (
			);
			dependencies = (
				941A7632181494D50072089F /* PBXTargetDependency */,
			);
			name = TankCommanderTests;
			productName = TankCommanderTests;
			productReference = 941A762C181494D50072089F /* TankCommanderTests.xctest */;
			productType = "com.apple.product-type.bundle.unit-test";
		};
/* End PBXNativeTarget section */

/* Begin PBXProject section */
		941A7609181494D50072089F /* Project object */ = {
			isa = PBXProject;
			attributes = {
				CLASSPREFIX = RC;
				LastUpgradeCheck = 0500;
				ORGANIZATIONNAME = "Ryan Case";
				TargetAttributes = {
					941A762B181494D50072089F = {
						TestTargetID = 941A7610181494D50072089F;
					};
				};
			};
			buildConfigurationList = 941A760C181494D50072089F /* Build configuration list for PBXProject "TankCommander" */;
			compatibilityVersion = "Xcode 3.2";
			developmentRegion = English;
			hasScannedForEncodings = 0;
			knownRegions = (
				en,
			);
			mainGroup = 941A7608181494D50072089F;
			productRefGroup = 941A7612181494D50072089F /* Products */;
			projectDirPath = "";
			projectRoot = "";
			targets = (
				941A7610181494D50072089F /* TankCommander */,
				941A762B181494D50072089F /* TankCommanderTests */,
			);
		};
/* End PBXProject section */

/* Begin PBXResourcesBuildPhase section */
		941A760F181494D50072089F /* Resources */ = {
			isa = PBXResourcesBuildPhase;
			buildActionMask = 2147483647;
			files = (
				946FC75518330C980016708A /* TankViewController.xib in Resources */,
				941A761F181494D50072089F /* InfoPlist.strings in Resources */,
				946FC768183415560016708A /* tankDestroyer.png in Resources */,
				9443770B183812CA00E1451C /* TierCell.xib in Resources */,
				946FC769183415560016708A /* heavyTank.png in Resources */,
				94B87C3E18BD9A0200D6E395 /* tier8.json in Resources */,
				94B87C3718BD9A0200D6E395 /* tier1.json in Resources */,
				946FC76B183415560016708A /* spg.png in Resources */,
				946FC763183410C10016708A /* lightTank.png in Resources */,
				941A7627181494D50072089F /* Images.xcassets in Resources */,
				94B87C3D18BD9A0200D6E395 /* tier7.json in Resources */,
				94B87C3F18BD9A0200D6E395 /* tier9.json in Resources */,
				94B87C3918BD9A0200D6E395 /* tier3.json in Resources */,
				9443771218381A7400E1451C /* default.png in Resources */,
				94B87C3B18BD9A0200D6E395 /* tier5.json in Resources */,
				94C8C78A183AEC1000B23D8A /* ModuleCell.xib in Resources */,
				94B87C3A18BD9A0200D6E395 /* tier4.json in Resources */,
				946FC76A183415560016708A /* mediumTank.png in Resources */,
				94B87C3C18BD9A0200D6E395 /* tier6.json in Resources */,
				94B87C4018BD9A0200D6E395 /* tier10.json in Resources */,
				946FC74E1831CC5C0016708A /* TankCell.xib in Resources */,
				94437710183816A200E1451C /* TypeCell.xib in Resources */,
				94B87C3818BD9A0200D6E395 /* tier2.json in Resources */,
			);
			runOnlyForDeploymentPostprocessing = 0;
		};
		941A762A181494D50072089F /* Resources */ = {
			isa = PBXResourcesBuildPhase;
			buildActionMask = 2147483647;
			files = (
				941A7638181494D50072089F /* InfoPlist.strings in Resources */,
			);
			runOnlyForDeploymentPostprocessing = 0;
		};
/* End PBXResourcesBuildPhase section */

/* Begin PBXSourcesBuildPhase section */
		941A760D181494D50072089F /* Sources */ = {
			isa = PBXSourcesBuildPhase;
			buildActionMask = 2147483647;
			files = (
				948C359F1816F1C500708761 /* Tier.m in Sources */,
				946FC741182D8DFF0016708A /* AverageTank.m in Sources */,
				94C8C770183969A600B23D8A /* TankSubheaderView.m in Sources */,
				941A76571814C4F70072089F /* Gun.m in Sources */,
				94C8C7791839CF6B00B23D8A /* TurretView.m in Sources */,
				94C8C788183AEBDA00B23D8A /* ModuleCell.m in Sources */,
				946FC7441831AB580016708A /* TanksViewController.m in Sources */,
				94C8C7731839739A00B23D8A /* HullView.m in Sources */,
				941A766C1815C7CB0072089F /* TankStore.m in Sources */,
				941289C91818AC53008C69E7 /* Module.m in Sources */,
				944377061838081600E1451C /* TypesViewController.m in Sources */,
				94C8C77F1839E66800B23D8A /* SuspensionView.m in Sources */,
				9443770E1838168E00E1451C /* TypeCell.m in Sources */,
				94C8C7761839CF4F00B23D8A /* EngineView.m in Sources */,
				94C8C782183AA90D00B23D8A /* SelectorView.m in Sources */,
				94D4729D181CEE5000B11466 /* TankGroup.m in Sources */,
				941A765A1814C4FF0072089F /* Radio.m in Sources */,
				941A76601814C5940072089F /* Engine.m in Sources */,
				946FC74C1831CC170016708A /* TankCell.m in Sources */,
				94C8C77C1839DF9C00B23D8A /* RadioView.m in Sources */,
				941A76631814EE260072089F /* Armor.m in Sources */,
				941A76691815C4B40072089F /* Shell.m in Sources */,
				941A76541814C4DB0072089F /* Turret.m in Sources */,
				941A7621181494D50072089F /* main.m in Sources */,
				946FC7491831CB900016708A /* RCBaseCell.m in Sources */,
				9443771B1839635200E1451C /* TankHeaderView.m in Sources */,
				944377151839526700E1451C /* GunView.m in Sources */,
				94437709183812B600E1451C /* TierCell.m in Sources */,
				944377181839550D00E1451C /* RCFormatting.m in Sources */,
				941A7625181494D50072089F /* RCAppDelegate.m in Sources */,
				946FC75418330C980016708A /* TankViewController.m in Sources */,
				941A76511814C4D40072089F /* Hull.m in Sources */,
				944377031838054D00E1451C /* TiersViewController.m in Sources */,
				941A765D1814C5100072089F /* Suspension.m in Sources */,
				94C8C785183AEBBC00B23D8A /* ModulesViewController.m in Sources */,
				941A764E1814B8E10072089F /* Tank.m in Sources */,
			);
			runOnlyForDeploymentPostprocessing = 0;
		};
		941A7628181494D50072089F /* Sources */ = {
			isa = PBXSourcesBuildPhase;
			buildActionMask = 2147483647;
			files = (
				941A763A181494D50072089F /* TankCommanderTests.m in Sources */,
			);
			runOnlyForDeploymentPostprocessing = 0;
		};
/* End PBXSourcesBuildPhase section */

/* Begin PBXTargetDependency section */
		941A7632181494D50072089F /* PBXTargetDependency */ = {
			isa = PBXTargetDependency;
			target = 941A7610181494D50072089F /* TankCommander */;
			targetProxy = 941A7631181494D50072089F /* PBXContainerItemProxy */;
		};
/* End PBXTargetDependency section */

/* Begin PBXVariantGroup section */
		941A761D181494D50072089F /* InfoPlist.strings */ = {
			isa = PBXVariantGroup;
			children = (
				941A761E181494D50072089F /* en */,
			);
			name = InfoPlist.strings;
			sourceTree = "<group>";
		};
		941A7636181494D50072089F /* InfoPlist.strings */ = {
			isa = PBXVariantGroup;
			children = (
				941A7637181494D50072089F /* en */,
			);
			name = InfoPlist.strings;
			sourceTree = "<group>";
		};
/* End PBXVariantGroup section */

/* Begin XCBuildConfiguration section */
		941A763B181494D50072089F /* Debug */ = {
			isa = XCBuildConfiguration;
			buildSettings = {
				ALWAYS_SEARCH_USER_PATHS = NO;
				ARCHS = "$(ARCHS_STANDARD_INCLUDING_64_BIT)";
				CLANG_CXX_LANGUAGE_STANDARD = "gnu++0x";
				CLANG_CXX_LIBRARY = "libc++";
				CLANG_ENABLE_MODULES = YES;
				CLANG_ENABLE_OBJC_ARC = YES;
				CLANG_WARN_BOOL_CONVERSION = YES;
				CLANG_WARN_CONSTANT_CONVERSION = YES;
				CLANG_WARN_DIRECT_OBJC_ISA_USAGE = YES_ERROR;
				CLANG_WARN_EMPTY_BODY = YES;
				CLANG_WARN_ENUM_CONVERSION = YES;
				CLANG_WARN_INT_CONVERSION = YES;
				CLANG_WARN_OBJC_ROOT_CLASS = YES_ERROR;
				CLANG_WARN__DUPLICATE_METHOD_MATCH = YES;
				"CODE_SIGN_IDENTITY[sdk=iphoneos*]" = "iPhone Developer";
				COPY_PHASE_STRIP = NO;
				GCC_C_LANGUAGE_STANDARD = gnu99;
				GCC_DYNAMIC_NO_PIC = NO;
				GCC_OPTIMIZATION_LEVEL = 0;
				GCC_PREPROCESSOR_DEFINITIONS = (
					"DEBUG=1",
					"$(inherited)",
				);
				GCC_SYMBOLS_PRIVATE_EXTERN = NO;
				GCC_WARN_64_TO_32_BIT_CONVERSION = YES;
				GCC_WARN_ABOUT_RETURN_TYPE = YES_ERROR;
				GCC_WARN_UNDECLARED_SELECTOR = YES;
				GCC_WARN_UNINITIALIZED_AUTOS = YES;
				GCC_WARN_UNUSED_FUNCTION = YES;
				GCC_WARN_UNUSED_VARIABLE = YES;
				IPHONEOS_DEPLOYMENT_TARGET = 7.0;
				ONLY_ACTIVE_ARCH = YES;
				SDKROOT = iphoneos;
				TARGETED_DEVICE_FAMILY = "1,2";
			};
			name = Debug;
		};
		941A763C181494D50072089F /* Release */ = {
			isa = XCBuildConfiguration;
			buildSettings = {
				ALWAYS_SEARCH_USER_PATHS = NO;
				ARCHS = "$(ARCHS_STANDARD_INCLUDING_64_BIT)";
				CLANG_CXX_LANGUAGE_STANDARD = "gnu++0x";
				CLANG_CXX_LIBRARY = "libc++";
				CLANG_ENABLE_MODULES = YES;
				CLANG_ENABLE_OBJC_ARC = YES;
				CLANG_WARN_BOOL_CONVERSION = YES;
				CLANG_WARN_CONSTANT_CONVERSION = YES;
				CLANG_WARN_DIRECT_OBJC_ISA_USAGE = YES_ERROR;
				CLANG_WARN_EMPTY_BODY = YES;
				CLANG_WARN_ENUM_CONVERSION = YES;
				CLANG_WARN_INT_CONVERSION = YES;
				CLANG_WARN_OBJC_ROOT_CLASS = YES_ERROR;
				CLANG_WARN__DUPLICATE_METHOD_MATCH = YES;
				"CODE_SIGN_IDENTITY[sdk=iphoneos*]" = "iPhone Developer";
				COPY_PHASE_STRIP = YES;
				ENABLE_NS_ASSERTIONS = NO;
				GCC_C_LANGUAGE_STANDARD = gnu99;
				GCC_WARN_64_TO_32_BIT_CONVERSION = YES;
				GCC_WARN_ABOUT_RETURN_TYPE = YES_ERROR;
				GCC_WARN_UNDECLARED_SELECTOR = YES;
				GCC_WARN_UNINITIALIZED_AUTOS = YES;
				GCC_WARN_UNUSED_FUNCTION = YES;
				GCC_WARN_UNUSED_VARIABLE = YES;
				IPHONEOS_DEPLOYMENT_TARGET = 7.0;
				SDKROOT = iphoneos;
				TARGETED_DEVICE_FAMILY = "1,2";
				VALIDATE_PRODUCT = YES;
			};
			name = Release;
		};
		941A763E181494D50072089F /* Debug */ = {
			isa = XCBuildConfiguration;
			buildSettings = {
				ASSETCATALOG_COMPILER_APPICON_NAME = AppIcon;
				ASSETCATALOG_COMPILER_LAUNCHIMAGE_NAME = LaunchImage;
				GCC_PRECOMPILE_PREFIX_HEADER = YES;
				GCC_PREFIX_HEADER = "TankCommander/TankCommander-Prefix.pch";
				INFOPLIST_FILE = "TankCommander/TankCommander-Info.plist";
				PRODUCT_NAME = "$(TARGET_NAME)";
				WRAPPER_EXTENSION = app;
			};
			name = Debug;
		};
		941A763F181494D50072089F /* Release */ = {
			isa = XCBuildConfiguration;
			buildSettings = {
				ASSETCATALOG_COMPILER_APPICON_NAME = AppIcon;
				ASSETCATALOG_COMPILER_LAUNCHIMAGE_NAME = LaunchImage;
				GCC_PRECOMPILE_PREFIX_HEADER = YES;
				GCC_PREFIX_HEADER = "TankCommander/TankCommander-Prefix.pch";
				INFOPLIST_FILE = "TankCommander/TankCommander-Info.plist";
				PRODUCT_NAME = "$(TARGET_NAME)";
				WRAPPER_EXTENSION = app;
			};
			name = Release;
		};
		941A7641181494D50072089F /* Debug */ = {
			isa = XCBuildConfiguration;
			buildSettings = {
				ARCHS = "$(ARCHS_STANDARD_INCLUDING_64_BIT)";
				BUNDLE_LOADER = "$(BUILT_PRODUCTS_DIR)/TankCommander.app/TankCommander";
				FRAMEWORK_SEARCH_PATHS = (
					"$(SDKROOT)/Developer/Library/Frameworks",
					"$(inherited)",
					"$(DEVELOPER_FRAMEWORKS_DIR)",
				);
				GCC_PRECOMPILE_PREFIX_HEADER = YES;
				GCC_PREFIX_HEADER = "TankCommander/TankCommander-Prefix.pch";
				GCC_PREPROCESSOR_DEFINITIONS = (
					"DEBUG=1",
					"$(inherited)",
				);
				INFOPLIST_FILE = "TankCommanderTests/TankCommanderTests-Info.plist";
				PRODUCT_NAME = "$(TARGET_NAME)";
				TEST_HOST = "$(BUNDLE_LOADER)";
				WRAPPER_EXTENSION = xctest;
			};
			name = Debug;
		};
		941A7642181494D50072089F /* Release */ = {
			isa = XCBuildConfiguration;
			buildSettings = {
				ARCHS = "$(ARCHS_STANDARD_INCLUDING_64_BIT)";
				BUNDLE_LOADER = "$(BUILT_PRODUCTS_DIR)/TankCommander.app/TankCommander";
				FRAMEWORK_SEARCH_PATHS = (
					"$(SDKROOT)/Developer/Library/Frameworks",
					"$(inherited)",
					"$(DEVELOPER_FRAMEWORKS_DIR)",
				);
				GCC_PRECOMPILE_PREFIX_HEADER = YES;
				GCC_PREFIX_HEADER = "TankCommander/TankCommander-Prefix.pch";
				INFOPLIST_FILE = "TankCommanderTests/TankCommanderTests-Info.plist";
				PRODUCT_NAME = "$(TARGET_NAME)";
				TEST_HOST = "$(BUNDLE_LOADER)";
				WRAPPER_EXTENSION = xctest;
			};
			name = Release;
		};
/* End XCBuildConfiguration section */

/* Begin XCConfigurationList section */
		941A760C181494D50072089F /* Build configuration list for PBXProject "TankCommander" */ = {
			isa = XCConfigurationList;
			buildConfigurations = (
				941A763B181494D50072089F /* Debug */,
				941A763C181494D50072089F /* Release */,
			);
			defaultConfigurationIsVisible = 0;
			defaultConfigurationName = Release;
		};
		941A763D181494D50072089F /* Build configuration list for PBXNativeTarget "TankCommander" */ = {
			isa = XCConfigurationList;
			buildConfigurations = (
				941A763E181494D50072089F /* Debug */,
				941A763F181494D50072089F /* Release */,
			);
			defaultConfigurationIsVisible = 0;
			defaultConfigurationName = Release;
		};
		941A7640181494D50072089F /* Build configuration list for PBXNativeTarget "TankCommanderTests" */ = {
			isa = XCConfigurationList;
			buildConfigurations = (
				941A7641181494D50072089F /* Debug */,
				941A7642181494D50072089F /* Release */,
			);
			defaultConfigurationIsVisible = 0;
			defaultConfigurationName = Release;
		};
/* End XCConfigurationList section */
	};
	rootObject = 941A7609181494D50072089F /* Project object */;
}
